version = 1
revision = 2
requires-python = ">=3.12.11"

[[package]]
name = "polars"
version = "1.32.0"
source = { registry = "https://pypi.org/simple" }
sdist = { url = "https://files.pythonhosted.org/packages/67/23/6a5f151981f3ac409bed6dc48a3eaecd0592a03eb382693d4c7e749eda8b/polars-1.32.0.tar.gz", hash = "sha256:b01045981c0f23eeccfbfc870b782f93e73b74b29212fdfc8aae0be9024bc1fb", size = 4761045, upload-time = "2025-08-01T01:43:22.413Z" }
wheels = [
    { url = "https://files.pythonhosted.org/packages/e2/40/5b27067d10b5a77ab4094932118e16629ffb20ea9ae5f7d1178e04087891/polars-1.32.0-cp39-abi3-macosx_10_12_x86_64.whl", hash = "sha256:94f7c6a3b30bc99bc6b682ea42bb1ae983e33a302ca21aacbac50ae19e34fcf2", size = 37479518, upload-time = "2025-08-01T01:42:18.603Z" },
    { url = "https://files.pythonhosted.org/packages/08/b7/ca28ac10d340fb91bffb2751efd52aebc9799ae161b867214c6299c8f75b/polars-1.32.0-cp39-abi3-macosx_11_0_arm64.whl", hash = "sha256:8bf14c16164839e62c741a863942a94a9a463db21e797452fca996c8afaf8827", size = 34214196, upload-time = "2025-08-01T01:42:22.667Z" },
    { url = "https://files.pythonhosted.org/packages/61/97/fe3797e8e1d4f9eadab32ffe218a841b8874585b6c9bd0f1a26469fb2992/polars-1.32.0-cp39-abi3-manylinux_2_17_x86_64.manylinux2014_x86_64.whl", hash = "sha256:f4c15adb97d44766d30c759f5cebbdb64d361e8349ef10b5afc7413f71bf4b72", size = 37985353, upload-time = "2025-08-01T01:42:26.033Z" },
    { url = "https://files.pythonhosted.org/packages/a0/7e/2baa2858556e970cc6a35c0d8ad34b2f9d982f1766c0a1fec20ca529a947/polars-1.32.0-cp39-abi3-manylinux_2_24_aarch64.whl", hash = "sha256:13af55890734f89b76016a395fb2e7460e7d9feecf50ed2f55cf0f05a1c0c991", size = 35183912, upload-time = "2025-08-01T01:42:30.446Z" },
    { url = "https://files.pythonhosted.org/packages/ef/41/0e6821dccc5871186a9b95af3990404aa283318263918d33ac974b35cb37/polars-1.32.0-cp39-abi3-win_amd64.whl", hash = "sha256:0397fc2501a5d5f1bb3fe8d27e0c26c7a5349b4110157c0fb7833cd3f5921c9e", size = 37747905, upload-time = "2025-08-01T01:42:33.975Z" },
    { url = "https://files.pythonhosted.org/packages/c2/93/d06df0817da93f922a67e27e9e0f407856991374daa62687e2a45a18935c/polars-1.32.0-cp39-abi3-win_arm64.whl", hash = "sha256:dd84e24422509e1ec9be46f67f758d0bd9944d1ae4eacecee4f53adaa8ecd822", size = 33978543, upload-time = "2025-08-01T01:42:36.779Z" },
]

[[package]]
name = "pydata-berlin-2025"
version = "0.1.0"
source = { virtual = "." }
dependencies = [
    { name = "polars" },
]

[package.metadata]
requires-dist = [{ name = "polars", specifier = ">=1.32.0" }]
